
Microsoft Visual Studio Solution File, Format Version 12.00
# Visual Studio Version 17
VisualStudioVersion = 17.5.33414.496
MinimumVisualStudioVersion = 10.0.40219.1
Project("{FAE04EC0-301F-11D3-BF4B-00C04F79EFBC}") = "ContextMenuStrip", "ContextMenuStrip\ContextMenuStrip.csproj", "{127652A6-4E68-40B3-8343-6751DD5B48E5}"
EndProject
Global
	GlobalSection(SolutionConfigurationPlatforms) = preSolution
		Debug|Any CPU = Debug|Any CPU
		Release|Any CPU = Release|Any CPU
	EndGlobalSection
	GlobalSection(ProjectConfigurationPlatforms) = postSolution
		{127652A6-4E68-40B3-8343-6751DD5B48E5}.Debug|Any CPU.ActiveCfg = Debug|Any CPU
		{127652A6-4E68-40B3-8343-6751DD5B48E5}.Debug|Any CPU.Build.0 = Debug|Any CPU
		{127652A6-4E68-40B3-8343-6751DD5B48E5}.Release|Any CPU.ActiveCfg = Release|Any CPU
		{127652A6-4E68-40B3-8343-6751DD5B48E5}.Release|Any CPU.Build.0 = Release|Any CPU
	EndGlobalSection
	GlobalSection(SolutionProperties) = preSolution
		HideSolutionNode = FALSE
	EndGlobalSection
	GlobalSection(ExtensibilityGlobals) = postSolution
		SolutionGuid = {219201A6-080A-4B52-9860-65EFB01758C4}
	EndGlobalSection
EndGlobal
